
Microsoft Visual Studio Solution File, Format Version 12.00
# Visual Studio Version 16
VisualStudioVersion = 16.0.33027.164
MinimumVisualStudioVersion = 10.0.40219.1
Project("{FAE04EC0-301F-11D3-BF4B-00C04F79EFBC}") = "M3", "M3\M3.csproj", "{B03FE93D-4B19-40D4-9007-2389CBAC2255}"
EndProject
Global
	GlobalSection(SolutionConfigurationPlatforms) = preSolution
		Debug|Any CPU = Debug|Any CPU
		Release|Any CPU = Release|Any CPU
	EndGlobalSection
	GlobalSection(ProjectConfigurationPlatforms) = postSolution
		{B03FE93D-4B19-40D4-9007-2389CBAC2255}.Debug|Any CPU.ActiveCfg = Debug|Any CPU
		{B03FE93D-4B19-40D4-9007-2389CBAC2255}.Debug|Any CPU.Build.0 = Debug|Any CPU
		{B03FE93D-4B19-40D4-9007-2389CBAC2255}.Release|Any CPU.ActiveCfg = Release|Any CPU
		{B03FE93D-4B19-40D4-9007-2389CBAC2255}.Release|Any CPU.Build.0 = Release|Any CPU
	EndGlobalSection
	GlobalSection(SolutionProperties) = preSolution
		HideSolutionNode = FALSE
	EndGlobalSection
	GlobalSection(ExtensibilityGlobals) = postSolution
		SolutionGuid = {6062C6A7-5A15-4C49-B2A5-2962AF1E6F8D}
	EndGlobalSection
EndGlobal
